// !$*UTF8*$!
{
	archiveVersion = 1;
	classes = {
	};
	objectVersion = 50;
	objects = {

/* Begin PBXBuildFile section */
		29DD020A213F3DED008A35D1 /* AppDelegate.swift in Sources */ = {isa = PBXBuildFile; fileRef = 29DD0209213F3DED008A35D1 /* AppDelegate.swift */; };
		29DD020C213F3DED008A35D1 /* ViewController.swift in Sources */ = {isa = PBXBuildFile; fileRef = 29DD020B213F3DED008A35D1 /* ViewController.swift */; };
		29DD020F213F3DED008A35D1 /* Main.storyboard in Resources */ = {isa = PBXBuildFile; fileRef = 29DD020D213F3DED008A35D1 /* Main.storyboard */; };
		29DD0211213F3DED008A35D1 /* Assets.xcassets in Resources */ = {isa = PBXBuildFile; fileRef = 29DD0210213F3DED008A35D1 /* Assets.xcassets */; };
		29DD0214213F3DEE008A35D1 /* LaunchScreen.storyboard in Resources */ = {isa = PBXBuildFile; fileRef = 29DD0212213F3DEE008A35D1 /* LaunchScreen.storyboard */; };
		29DD021F213F3DEE008A35D1 /* TumblrTests.swift in Sources */ = {isa = PBXBuildFile; fileRef = 29DD021E213F3DEE008A35D1 /* TumblrTests.swift */; };
		29DD022A213F3DEE008A35D1 /* TumblrUITests.swift in Sources */ = {isa = PBXBuildFile; fileRef = 29DD0229213F3DEE008A35D1 /* TumblrUITests.swift */; };
/* End PBXBuildFile section */

/* Begin PBXContainerItemProxy section */
		29DD021B213F3DEE008A35D1 /* PBXContainerItemProxy */ = {
			isa = PBXContainerItemProxy;
			containerPortal = 29DD01FE213F3DED008A35D1 /* Project object */;
			proxyType = 1;
			remoteGlobalIDString = 29DD0205213F3DED008A35D1;
			remoteInfo = Tumblr;
		};
		29DD0226213F3DEE008A35D1 /* PBXContainerItemProxy */ = {
			isa = PBXContainerItemProxy;
			containerPortal = 29DD01FE213F3DED008A35D1 /* Project object */;
			proxyType = 1;
			remoteGlobalIDString = 29DD0205213F3DED008A35D1;
			remoteInfo = Tumblr;
		};
/* End PBXContainerItemProxy section */

/* Begin PBXFileReference section */
		29DD0206213F3DED008A35D1 /* Tumblr.app */ = {isa = PBXFileReference; explicitFileType = wrapper.application; includeInIndex = 0; path = Tumblr.app; sourceTree = BUILT_PRODUCTS_DIR; };
		29DD0209213F3DED008A35D1 /* AppDelegate.swift */ = {isa = PBXFileReference; lastKnownFileType = sourcecode.swift; path = AppDelegate.swift; sourceTree = "<group>"; };
		29DD020B213F3DED008A35D1 /* ViewController.swift */ = {isa = PBXFileReference; lastKnownFileType = sourcecode.swift; path = ViewController.swift; sourceTree = "<group>"; };
		29DD020E213F3DED008A35D1 /* Base */ = {isa = PBXFileReference; lastKnownFileType = file.storyboard; name = Base; path = Base.lproj/Main.storyboard; sourceTree = "<group>"; };
		29DD0210213F3DED008A35D1 /* Assets.xcassets */ = {isa = PBXFileReference; lastKnownFileType = folder.assetcatalog; path = Assets.xcassets; sourceTree = "<group>"; };
		29DD0213213F3DEE008A35D1 /* Base */ = {isa = PBXFileReference; lastKnownFileType = file.storyboard; name = Base; path = Base.lproj/LaunchScreen.storyboard; sourceTree = "<group>"; };
		29DD0215213F3DEE008A35D1 /* Info.plist */ = {isa = PBXFileReference; lastKnownFileType = text.plist.xml; path = Info.plist; sourceTree = "<group>"; };
		29DD021A213F3DEE008A35D1 /* TumblrTests.xctest */ = {isa = PBXFileReference; explicitFileType = wrapper.cfbundle; includeInIndex = 0; path = TumblrTests.xctest; sourceTree = BUILT_PRODUCTS_DIR; };
		29DD021E213F3DEE008A35D1 /* TumblrTests.swift */ = {isa = PBXFileReference; lastKnownFileType = sourcecode.swift; path = TumblrTests.swift; sourceTree = "<group>"; };
		29DD0220213F3DEE008A35D1 /* Info.plist */ = {isa = PBXFileReference; lastKnownFileType = text.plist.xml; path = Info.plist; sourceTree = "<group>"; };
		29DD0225213F3DEE008A35D1 /* TumblrUITests.xctest */ = {isa = PBXFileReference; explicitFileType = wrapper.cfbundle; includeInIndex = 0; path = TumblrUITests.xctest; sourceTree = BUILT_PRODUCTS_DIR; };
		29DD0229213F3DEE008A35D1 /* TumblrUITests.swift */ = {isa = PBXFileReference; lastKnownFileType = sourcecode.swift; path = TumblrUITests.swift; sourceTree = "<group>"; };
		29DD022B213F3DEE008A35D1 /* Info.plist */ = {isa = PBXFileReference; lastKnownFileType = text.plist.xml; path = Info.plist; sourceTree = "<group>"; };
/* End PBXFileReference section */

/* Begin PBXFrameworksBuildPhase section */
		29DD0203213F3DED008A35D1 /* Frameworks */ = {
			isa = PBXFrameworksBuildPhase;
			buildActionMask = 2147483647;
			files = (
			);
			runOnlyForDeploymentPostprocessing = 0;
		};
		29DD0217213F3DEE008A35D1 /* Frameworks */ = {
			isa = PBXFrameworksBuildPhase;
			buildActionMask = 2147483647;
			files = (
			);
			runOnlyForDeploymentPostprocessing = 0;
		};
		29DD0222213F3DEE008A35D1 /* Frameworks */ = {
			isa = PBXFrameworksBuildPhase;
			buildActionMask = 2147483647;
			files = (
			);
			runOnlyForDeploymentPostprocessing = 0;
		};
/* End PBXFrameworksBuildPhase section */

/* Begin PBXGroup section */
		29DD01FD213F3DED008A35D1 = {
			isa = PBXGroup;
			children = (
				29DD0208213F3DED008A35D1 /* Tumblr */,
				29DD021D213F3DEE008A35D1 /* TumblrTests */,
				29DD0228213F3DEE008A35D1 /* TumblrUITests */,
				29DD0207213F3DED008A35D1 /* Products */,
			);
			sourceTree = "<group>";
		};
		29DD0207213F3DED008A35D1 /* Products */ = {
			isa = PBXGroup;
			children = (
				29DD0206213F3DED008A35D1 /* Tumblr.app */,
				29DD021A213F3DEE008A35D1 /* TumblrTests.xctest */,
				29DD0225213F3DEE008A35D1 /* TumblrUITests.xctest */,
			);
			name = Products;
			sourceTree = "<group>";
		};
		29DD0208213F3DED008A35D1 /* Tumblr */ = {
			isa = PBXGroup;
			children = (
				29DD0209213F3DED008A35D1 /* AppDelegate.swift */,
				29DD020B213F3DED008A35D1 /* ViewController.swift */,
				29DD020D213F3DED008A35D1 /* Main.storyboard */,
				29DD0210213F3DED008A35D1 /* Assets.xcassets */,
				29DD0212213F3DEE008A35D1 /* LaunchScreen.storyboard */,
				29DD0215213F3DEE008A35D1 /* Info.plist */,
			);
			path = Tumblr;
			sourceTree = "<group>";
		};
		29DD021D213F3DEE008A35D1 /* TumblrTests */ = {
			isa = PBXGroup;
			children = (
				29DD021E213F3DEE008A35D1 /* TumblrTests.swift */,
				29DD0220213F3DEE008A35D1 /* Info.plist */,
			);
			path = TumblrTests;
			sourceTree = "<group>";
		};
		29DD0228213F3DEE008A35D1 /* TumblrUITests */ = {
			isa = PBXGroup;
			children = (
				29DD0229213F3DEE008A35D1 /* TumblrUITests.swift */,
				29DD022B213F3DEE008A35D1 /* Info.plist */,
			);
			path = TumblrUITests;
			sourceTree = "<group>";
		};
/* End PBXGroup section */

/* Begin PBXNativeTarget section */
		29DD0205213F3DED008A35D1 /* Tumblr */ = {
			isa = PBXNativeTarget;
			buildConfigurationList = 29DD022E213F3DEE008A35D1 /* Build configuration list for PBXNativeTarget "Tumblr" */;
			buildPhases = (
				29DD0202213F3DED008A35D1 /* Sources */,
				29DD0203213F3DED008A35D1 /* Frameworks */,
				29DD0204213F3DED008A35D1 /* Resources */,
			);
			buildRules = (
			);
			dependencies = (
			);
			name = Tumblr;
			productName = Tumblr;
			productReference = 29DD0206213F3DED008A35D1 /* Tumblr.app */;
			productType = "com.apple.product-type.application";
		};
		29DD0219213F3DEE008A35D1 /* TumblrTests */ = {
			isa = PBXNativeTarget;
			buildConfigurationList = 29DD0231213F3DEE008A35D1 /* Build configuration list for PBXNativeTarget "TumblrTests" */;
			buildPhases = (
				29DD0216213F3DEE008A35D1 /* Sources */,
				29DD0217213F3DEE008A35D1 /* Frameworks */,
				29DD0218213F3DEE008A35D1 /* Resources */,
			);
			buildRules = (
			);
			dependencies = (
				29DD021C213F3DEE008A35D1 /* PBXTargetDependency */,
			);
			name = TumblrTests;
			productName = TumblrTests;
			productReference = 29DD021A213F3DEE008A35D1 /* TumblrTests.xctest */;
			productType = "com.apple.product-type.bundle.unit-test";
		};
		29DD0224213F3DEE008A35D1 /* TumblrUITests */ = {
			isa = PBXNativeTarget;
			buildConfigurationList = 29DD0234213F3DEE008A35D1 /* Build configuration list for PBXNativeTarget "TumblrUITests" */;
			buildPhases = (
				29DD0221213F3DEE008A35D1 /* Sources */,
				29DD0222213F3DEE008A35D1 /* Frameworks */,
				29DD0223213F3DEE008A35D1 /* Resources */,
			);
			buildRules = (
			);
			dependencies = (
				29DD0227213F3DEE008A35D1 /* PBXTargetDependency */,
			);
			name = TumblrUITests;
			productName = TumblrUITests;
			productReference = 29DD0225213F3DEE008A35D1 /* TumblrUITests.xctest */;
			productType = "com.apple.product-type.bundle.ui-testing";
		};
/* End PBXNativeTarget section */

/* Begin PBXProject section */
		29DD01FE213F3DED008A35D1 /* Project object */ = {
			isa = PBXProject;
			attributes = {
				LastSwiftUpdateCheck = 0940;
				LastUpgradeCheck = 0940;
				ORGANIZATIONNAME = "Dominic Pham";
				TargetAttributes = {
					29DD0205213F3DED008A35D1 = {
						CreatedOnToolsVersion = 9.4.1;
					};
					29DD0219213F3DEE008A35D1 = {
						CreatedOnToolsVersion = 9.4.1;
						TestTargetID = 29DD0205213F3DED008A35D1;
					};
					29DD0224213F3DEE008A35D1 = {
						CreatedOnToolsVersion = 9.4.1;
						TestTargetID = 29DD0205213F3DED008A35D1;
					};
				};
			};
			buildConfigurationList = 29DD0201213F3DED008A35D1 /* Build configuration list for PBXProject "Tumblr" */;
			compatibilityVersion = "Xcode 9.3";
			developmentRegion = en;
			hasScannedForEncodings = 0;
			knownRegions = (
				en,
				Base,
			);
			mainGroup = 29DD01FD213F3DED008A35D1;
			productRefGroup = 29DD0207213F3DED008A35D1 /* Products */;
			projectDirPath = "";
			projectRoot = "";
			targets = (
				29DD0205213F3DED008A35D1 /* Tumblr */,
				29DD0219213F3DEE008A35D1 /* TumblrTests */,
				29DD0224213F3DEE008A35D1 /* TumblrUITests */,
			);
		};
/* End PBXProject section */

/* Begin PBXResourcesBuildPhase section */
		29DD0204213F3DED008A35D1 /* Resources */ = {
			isa = PBXResourcesBuildPhase;
			buildActionMask = 2147483647;
			files = (
				29DD0214213F3DEE008A35D1 /* LaunchScreen.storyboard in Resources */,
				29DD0211213F3DED008A35D1 /* Assets.xcassets in Resources */,
				29DD020F213F3DED008A35D1 /* Main.storyboard in Resources */,
			);
			runOnlyForDeploymentPostprocessing = 0;
		};
		29DD0218213F3DEE008A35D1 /* Resources */ = {
			isa = PBXResourcesBuildPhase;
			buildActionMask = 2147483647;
			files = (
			);
			runOnlyForDeploymentPostprocessing = 0;
		};
		29DD0223213F3DEE008A35D1 /* Resources */ = {
			isa = PBXResourcesBuildPhase;
			buildActionMask = 2147483647;
			files = (
			);
			runOnlyForDeploymentPostprocessing = 0;
		};
/* End PBXResourcesBuildPhase section */

/* Begin PBXSourcesBuildPhase section */
		29DD0202213F3DED008A35D1 /* Sources */ = {
			isa = PBXSourcesBuildPhase;
			buildActionMask = 2147483647;
			files = (
				29DD020C213F3DED008A35D1 /* ViewController.swift in Sources */,
				29DD020A213F3DED008A35D1 /* AppDelegate.swift in Sources */,
			);
			runOnlyForDeploymentPostprocessing = 0;
		};
		29DD0216213F3DEE008A35D1 /* Sources */ = {
			isa = PBXSourcesBuildPhase;
			buildActionMask = 2147483647;
			files = (
				29DD021F213F3DEE008A35D1 /* TumblrTests.swift in Sources */,
			);
			runOnlyForDeploymentPostprocessing = 0;
		};
		29DD0221213F3DEE008A35D1 /* Sources */ = {
			isa = PBXSourcesBuildPhase;
			buildActionMask = 2147483647;
			files = (
				29DD022A213F3DEE008A35D1 /* TumblrUITests.swift in Sources */,
			);
			runOnlyForDeploymentPostprocessing = 0;
		};
/* End PBXSourcesBuildPhase section */

/* Begin PBXTargetDependency section */
		29DD021C213F3DEE008A35D1 /* PBXTargetDependency */ = {
			isa = PBXTargetDependency;
			target = 29DD0205213F3DED008A35D1 /* Tumblr */;
			targetProxy = 29DD021B213F3DEE008A35D1 /* PBXContainerItemProxy */;
		};
		29DD0227213F3DEE008A35D1 /* PBXTargetDependency */ = {
			isa = PBXTargetDependency;
			target = 29DD0205213F3DED008A35D1 /* Tumblr */;
			targetProxy = 29DD0226213F3DEE008A35D1 /* PBXContainerItemProxy */;
		};
/* End PBXTargetDependency section */

/* Begin PBXVariantGroup section */
		29DD020D213F3DED008A35D1 /* Main.storyboard */ = {
			isa = PBXVariantGroup;
			children = (
				29DD020E213F3DED008A35D1 /* Base */,
			);
			name = Main.storyboard;
			sourceTree = "<group>";
		};
		29DD0212213F3DEE008A35D1 /* LaunchScreen.storyboard */ = {
			isa = PBXVariantGroup;
			children = (
				29DD0213213F3DEE008A35D1 /* Base */,
			);
			name = LaunchScreen.storyboard;
			sourceTree = "<group>";
		};
/* End PBXVariantGroup section */

/* Begin XCBuildConfiguration section */
		29DD022C213F3DEE008A35D1 /* Debug */ = {
			isa = XCBuildConfiguration;
			buildSettings = {
				ALWAYS_SEARCH_USER_PATHS = NO;
				CLANG_ANALYZER_NONNULL = YES;
				CLANG_ANALYZER_NUMBER_OBJECT_CONVERSION = YES_AGGRESSIVE;
				CLANG_CXX_LANGUAGE_STANDARD = "gnu++14";
				CLANG_CXX_LIBRARY = "libc++";
				CLANG_ENABLE_MODULES = YES;
				CLANG_ENABLE_OBJC_ARC = YES;
				CLANG_ENABLE_OBJC_WEAK = YES;
				CLANG_WARN_BLOCK_CAPTURE_AUTORELEASING = YES;
				CLANG_WARN_BOOL_CONVERSION = YES;
				CLANG_WARN_COMMA = YES;
				CLANG_WARN_CONSTANT_CONVERSION = YES;
				CLANG_WARN_DEPRECATED_OBJC_IMPLEMENTATIONS = YES;
				CLANG_WARN_DIRECT_OBJC_ISA_USAGE = YES_ERROR;
				CLANG_WARN_DOCUMENTATION_COMMENTS = YES;
				CLANG_WARN_EMPTY_BODY = YES;
				CLANG_WARN_ENUM_CONVERSION = YES;
				CLANG_WARN_INFINITE_RECURSION = YES;
				CLANG_WARN_INT_CONVERSION = YES;
				CLANG_WARN_NON_LITERAL_NULL_CONVERSION = YES;
				CLANG_WARN_OBJC_IMPLICIT_RETAIN_SELF = YES;
				CLANG_WARN_OBJC_LITERAL_CONVERSION = YES;
				CLANG_WARN_OBJC_ROOT_CLASS = YES_ERROR;
				CLANG_WARN_RANGE_LOOP_ANALYSIS = YES;
				CLANG_WARN_STRICT_PROTOTYPES = YES;
				CLANG_WARN_SUSPICIOUS_MOVE = YES;
				CLANG_WARN_UNGUARDED_AVAILABILITY = YES_AGGRESSIVE;
				CLANG_WARN_UNREACHABLE_CODE = YES;
				CLANG_WARN__DUPLICATE_METHOD_MATCH = YES;
				CODE_SIGN_IDENTITY = "iPhone Developer";
				COPY_PHASE_STRIP = NO;
				DEBUG_INFORMATION_FORMAT = dwarf;
				ENABLE_STRICT_OBJC_MSGSEND = YES;
				ENABLE_TESTABILITY = YES;
				GCC_C_LANGUAGE_STANDARD = gnu11;
				GCC_DYNAMIC_NO_PIC = NO;
				GCC_NO_COMMON_BLOCKS = YES;
				GCC_OPTIMIZATION_LEVEL = 0;
				GCC_PREPROCESSOR_DEFINITIONS = (
					"DEBUG=1",
					"$(inherited)",
				);
				GCC_WARN_64_TO_32_BIT_CONVERSION = YES;
				GCC_WARN_ABOUT_RETURN_TYPE = YES_ERROR;
				GCC_WARN_UNDECLARED_SELECTOR = YES;
				GCC_WARN_UNINITIALIZED_AUTOS = YES_AGGRESSIVE;
				GCC_WARN_UNUSED_FUNCTION = YES;
				GCC_WARN_UNUSED_VARIABLE = YES;
				IPHONEOS_DEPLOYMENT_TARGET = 11.4;
				MTL_ENABLE_DEBUG_INFO = YES;
				ONLY_ACTIVE_ARCH = YES;
				SDKROOT = iphoneos;
				SWIFT_ACTIVE_COMPILATION_CONDITIONS = DEBUG;
				SWIFT_OPTIMIZATION_LEVEL = "-Onone";
			};
			name = Debug;
		};
		29DD022D213F3DEE008A35D1 /* Release */ = {
			isa = XCBuildConfiguration;
			buildSettings = {
				ALWAYS_SEARCH_USER_PATHS = NO;
				CLANG_ANALYZER_NONNULL = YES;
				CLANG_ANALYZER_NUMBER_OBJECT_CONVERSION = YES_AGGRESSIVE;
				CLANG_CXX_LANGUAGE_STANDARD = "gnu++14";
				CLANG_CXX_LIBRARY = "libc++";
				CLANG_ENABLE_MODULES = YES;
				CLANG_ENABLE_OBJC_ARC = YES;
				CLANG_ENABLE_OBJC_WEAK = YES;
				CLANG_WARN_BLOCK_CAPTURE_AUTORELEASING = YES;
				CLANG_WARN_BOOL_CONVERSION = YES;
				CLANG_WARN_COMMA = YES;
				CLANG_WARN_CONSTANT_CONVERSION = YES;
				CLANG_WARN_DEPRECATED_OBJC_IMPLEMENTATIONS = YES;
				CLANG_WARN_DIRECT_OBJC_ISA_USAGE = YES_ERROR;
				CLANG_WARN_DOCUMENTATION_COMMENTS = YES;
				CLANG_WARN_EMPTY_BODY = YES;
				CLANG_WARN_ENUM_CONVERSION = YES;
				CLANG_WARN_INFINITE_RECURSION = YES;
				CLANG_WARN_INT_CONVERSION = YES;
				CLANG_WARN_NON_LITERAL_NULL_CONVERSION = YES;
				CLANG_WARN_OBJC_IMPLICIT_RETAIN_SELF = YES;
				CLANG_WARN_OBJC_LITERAL_CONVERSION = YES;
				CLANG_WARN_OBJC_ROOT_CLASS = YES_ERROR;
				CLANG_WARN_RANGE_LOOP_ANALYSIS = YES;
				CLANG_WARN_STRICT_PROTOTYPES = YES;
				CLANG_WARN_SUSPICIOUS_MOVE = YES;
				CLANG_WARN_UNGUARDED_AVAILABILITY = YES_AGGRESSIVE;
				CLANG_WARN_UNREACHABLE_CODE = YES;
				CLANG_WARN__DUPLICATE_METHOD_MATCH = YES;
				CODE_SIGN_IDENTITY = "iPhone Developer";
				COPY_PHASE_STRIP = NO;
				DEBUG_INFORMATION_FORMAT = "dwarf-with-dsym";
				ENABLE_NS_ASSERTIONS = NO;
				ENABLE_STRICT_OBJC_MSGSEND = YES;
				GCC_C_LANGUAGE_STANDARD = gnu11;
				GCC_NO_COMMON_BLOCKS = YES;
				GCC_WARN_64_TO_32_BIT_CONVERSION = YES;
				GCC_WARN_ABOUT_RETURN_TYPE = YES_ERROR;
				GCC_WARN_UNDECLARED_SELECTOR = YES;
				GCC_WARN_UNINITIALIZED_AUTOS = YES_AGGRESSIVE;
				GCC_WARN_UNUSED_FUNCTION = YES;
				GCC_WARN_UNUSED_VARIABLE = YES;
				IPHONEOS_DEPLOYMENT_TARGET = 11.4;
				MTL_ENABLE_DEBUG_INFO = NO;
				SDKROOT = iphoneos;
				SWIFT_COMPILATION_MODE = wholemodule;
				SWIFT_OPTIMIZATION_LEVEL = "-O";
				VALIDATE_PRODUCT = YES;
			};
			name = Release;
		};
		29DD022F213F3DEE008A35D1 /* Debug */ = {
			isa = XCBuildConfiguration;
			buildSettings = {
				ASSETCATALOG_COMPILER_APPICON_NAME = AppIcon;
				CODE_SIGN_STYLE = Automatic;
				INFOPLIST_FILE = Tumblr/Info.plist;
				LD_RUNPATH_SEARCH_PATHS = (
					"$(inherited)",
					"@executable_path/Frameworks",
				);
				PRODUCT_BUNDLE_IDENTIFIER = Test.Tumblr;
				PRODUCT_NAME = "$(TARGET_NAME)";
				SWIFT_VERSION = 4.0;
				TARGETED_DEVICE_FAMILY = "1,2";
			};
			name = Debug;
		};
		29DD0230213F3DEE008A35D1 /* Release */ = {
			isa = XCBuildConfiguration;
			buildSettings = {
				ASSETCATALOG_COMPILER_APPICON_NAME = AppIcon;
				CODE_SIGN_STYLE = Automatic;
				INFOPLIST_FILE = Tumblr/Info.plist;
				LD_RUNPATH_SEARCH_PATHS = (
					"$(inherited)",
					"@executable_path/Frameworks",
				);
				PRODUCT_BUNDLE_IDENTIFIER = Test.Tumblr;
				PRODUCT_NAME = "$(TARGET_NAME)";
				SWIFT_VERSION = 4.0;
				TARGETED_DEVICE_FAMILY = "1,2";
			};
			name = Release;
		};
		29DD0232213F3DEE008A35D1 /* Debug */ = {
			isa = XCBuildConfiguration;
			buildSettings = {
				ALWAYS_EMBED_SWIFT_STANDARD_LIBRARIES = YES;
				BUNDLE_LOADER = "$(TEST_HOST)";
				CODE_SIGN_STYLE = Automatic;
				INFOPLIST_FILE = TumblrTests/Info.plist;
				LD_RUNPATH_SEARCH_PATHS = (
					"$(inherited)",
					"@executable_path/Frameworks",
					"@loader_path/Frameworks",
				);
				PRODUCT_BUNDLE_IDENTIFIER = Test.TumblrTests;
				PRODUCT_NAME = "$(TARGET_NAME)";
				SWIFT_VERSION = 4.0;
				TARGETED_DEVICE_FAMILY = "1,2";
				TEST_HOST = "$(BUILT_PRODUCTS_DIR)/Tumblr.app/Tumblr";
			};
			name = Debug;
		};
		29DD0233213F3DEE008A35D1 /* Release */ = {
			isa = XCBuildConfiguration;
			buildSettings = {
				ALWAYS_EMBED_SWIFT_STANDARD_LIBRARIES = YES;
				BUNDLE_LOADER = "$(TEST_HOST)";
				CODE_SIGN_STYLE = Automatic;
				INFOPLIST_FILE = TumblrTests/Info.plist;
				LD_RUNPATH_SEARCH_PATHS = (
					"$(inherited)",
					"@executable_path/Frameworks",
					"@loader_path/Frameworks",
				);
				PRODUCT_BUNDLE_IDENTIFIER = Test.TumblrTests;
				PRODUCT_NAME = "$(TARGET_NAME)";
				SWIFT_VERSION = 4.0;
				TARGETED_DEVICE_FAMILY = "1,2";
				TEST_HOST = "$(BUILT_PRODUCTS_DIR)/Tumblr.app/Tumblr";
			};
			name = Release;
		};
		29DD0235213F3DEE008A35D1 /* Debug */ = {
			isa = XCBuildConfiguration;
			buildSettings = {
				ALWAYS_EMBED_SWIFT_STANDARD_LIBRARIES = YES;
				CODE_SIGN_STYLE = Automatic;
				INFOPLIST_FILE = TumblrUITests/Info.plist;
				LD_RUNPATH_SEARCH_PATHS = (
					"$(inherited)",
					"@executable_path/Frameworks",
					"@loader_path/Frameworks",
				);
				PRODUCT_BUNDLE_IDENTIFIER = Test.TumblrUITests;
				PRODUCT_NAME = "$(TARGET_NAME)";
				SWIFT_VERSION = 4.0;
				TARGETED_DEVICE_FAMILY = "1,2";
				TEST_TARGET_NAME = Tumblr;
			};
			name = Debug;
		};
		29DD0236213F3DEE008A35D1 /* Release */ = {
			isa = XCBuildConfiguration;
			buildSettings = {
				ALWAYS_EMBED_SWIFT_STANDARD_LIBRARIES = YES;
				CODE_SIGN_STYLE = Automatic;
				INFOPLIST_FILE = TumblrUITests/Info.plist;
				LD_RUNPATH_SEARCH_PATHS = (
					"$(inherited)",
					"@executable_path/Frameworks",
					"@loader_path/Frameworks",
				);
				PRODUCT_BUNDLE_IDENTIFIER = Test.TumblrUITests;
				PRODUCT_NAME = "$(TARGET_NAME)";
				SWIFT_VERSION = 4.0;
				TARGETED_DEVICE_FAMILY = "1,2";
				TEST_TARGET_NAME = Tumblr;
			};
			name = Release;
		};
/* End XCBuildConfiguration section */

/* Begin XCConfigurationList section */
		29DD0201213F3DED008A35D1 /* Build configuration list for PBXProject "Tumblr" */ = {
			isa = XCConfigurationList;
			buildConfigurations = (
				29DD022C213F3DEE008A35D1 /* Debug */,
				29DD022D213F3DEE008A35D1 /* Release */,
			);
			defaultConfigurationIsVisible = 0;
			defaultConfigurationName = Release;
		};
		29DD022E213F3DEE008A35D1 /* Build configuration list for PBXNativeTarget "Tumblr" */ = {
			isa = XCConfigurationList;
			buildConfigurations = (
				29DD022F213F3DEE008A35D1 /* Debug */,
				29DD0230213F3DEE008A35D1 /* Release */,
			);
			defaultConfigurationIsVisible = 0;
			defaultConfigurationName = Release;
		};
		29DD0231213F3DEE008A35D1 /* Build configuration list for PBXNativeTarget "TumblrTests" */ = {
			isa = XCConfigurationList;
			buildConfigurations = (
				29DD0232213F3DEE008A35D1 /* Debug */,
				29DD0233213F3DEE008A35D1 /* Release */,
			);
			defaultConfigurationIsVisible = 0;
			defaultConfigurationName = Release;
		};
		29DD0234213F3DEE008A35D1 /* Build configuration list for PBXNativeTarget "TumblrUITests" */ = {
			isa = XCConfigurationList;
			buildConfigurations = (
				29DD0235213F3DEE008A35D1 /* Debug */,
				29DD0236213F3DEE008A35D1 /* Release */,
			);
			defaultConfigurationIsVisible = 0;
			defaultConfigurationName = Release;
		};
/* End XCConfigurationList section */
	};
	rootObject = 29DD01FE213F3DED008A35D1 /* Project object */;
}
